
Microsoft Visual Studio Solution File, Format Version 12.00
# Visual Studio 15
VisualStudioVersion = 15.0.27703.2026
MinimumVisualStudioVersion = 10.0.40219.1
Project("{9A19103F-16F7-4668-BE54-9A1E7A4F7556}") = "MTest", "MTest\MTest.csproj", "{D18A9465-75CF-40BD-BC1E-650B80303555}"
EndProject
Project("{E53339B2-1760-4266-BCC7-CA923CBCF16C}") = "docker-compose", "docker-compose.dcproj", "{89C72FF0-A3B4-41D6-AD25-2FD1A5516353}"
EndProject
Project("{9A19103F-16F7-4668-BE54-9A1E7A4F7556}") = "Tests", "..\Tests\Tests.csproj", "{AEEEE909-1DF5-424E-BDBB-C941B67DA45E}"
EndProject
Project("{9A19103F-16F7-4668-BE54-9A1E7A4F7556}") = "MTestDB", "..\MTestDB\MTestDB.csproj", "{DF9C10B8-C6BC-41C9-B226-F7CBD1331F63}"
EndProject
Project("{2150E333-8FDC-42A3-9474-1A3956D46DE8}") = "Solution Items", "Solution Items", "{3DF6F0B7-7D69-4E15-A2E0-8DAFD44538BE}"
	ProjectSection(SolutionItems) = preProject
		README.md = README.md
	EndProjectSection
EndProject
Project("{FAE04EC0-301F-11D3-BF4B-00C04F79EFBC}") = "MTest.Services", "..\MTest.Services\MTest.Services.csproj", "{4704E542-26D1-4B4D-81CB-D5C7FEB7421B}"
EndProject
Project("{FAE04EC0-301F-11D3-BF4B-00C04F79EFBC}") = "MTest.Data", "MTest.Domain\MTest.Data.csproj", "{8492FCCE-EE1E-4328-BC57-615556D055FA}"
EndProject
Project("{FAE04EC0-301F-11D3-BF4B-00C04F79EFBC}") = "MTest.Infra", "MTest.Infra\MTest.Infra.csproj", "{B9665222-0341-4F3F-B8AD-E52CBDFBBFF2}"
EndProject
Global
	GlobalSection(SolutionConfigurationPlatforms) = preSolution
		Debug|Any CPU = Debug|Any CPU
		Release|Any CPU = Release|Any CPU
	EndGlobalSection
	GlobalSection(ProjectConfigurationPlatforms) = postSolution
		{D18A9465-75CF-40BD-BC1E-650B80303555}.Debug|Any CPU.ActiveCfg = Debug|Any CPU
		{D18A9465-75CF-40BD-BC1E-650B80303555}.Debug|Any CPU.Build.0 = Debug|Any CPU
		{D18A9465-75CF-40BD-BC1E-650B80303555}.Release|Any CPU.ActiveCfg = Release|Any CPU
		{D18A9465-75CF-40BD-BC1E-650B80303555}.Release|Any CPU.Build.0 = Release|Any CPU
		{89C72FF0-A3B4-41D6-AD25-2FD1A5516353}.Debug|Any CPU.ActiveCfg = Debug|Any CPU
		{89C72FF0-A3B4-41D6-AD25-2FD1A5516353}.Debug|Any CPU.Build.0 = Debug|Any CPU
		{89C72FF0-A3B4-41D6-AD25-2FD1A5516353}.Release|Any CPU.ActiveCfg = Release|Any CPU
		{89C72FF0-A3B4-41D6-AD25-2FD1A5516353}.Release|Any CPU.Build.0 = Release|Any CPU
		{AEEEE909-1DF5-424E-BDBB-C941B67DA45E}.Debug|Any CPU.ActiveCfg = Debug|Any CPU
		{AEEEE909-1DF5-424E-BDBB-C941B67DA45E}.Debug|Any CPU.Build.0 = Debug|Any CPU
		{AEEEE909-1DF5-424E-BDBB-C941B67DA45E}.Release|Any CPU.ActiveCfg = Release|Any CPU
		{AEEEE909-1DF5-424E-BDBB-C941B67DA45E}.Release|Any CPU.Build.0 = Release|Any CPU
		{DF9C10B8-C6BC-41C9-B226-F7CBD1331F63}.Debug|Any CPU.ActiveCfg = Debug|Any CPU
		{DF9C10B8-C6BC-41C9-B226-F7CBD1331F63}.Debug|Any CPU.Build.0 = Debug|Any CPU
		{DF9C10B8-C6BC-41C9-B226-F7CBD1331F63}.Release|Any CPU.ActiveCfg = Release|Any CPU
		{DF9C10B8-C6BC-41C9-B226-F7CBD1331F63}.Release|Any CPU.Build.0 = Release|Any CPU
		{4704E542-26D1-4B4D-81CB-D5C7FEB7421B}.Debug|Any CPU.ActiveCfg = Debug|Any CPU
		{4704E542-26D1-4B4D-81CB-D5C7FEB7421B}.Debug|Any CPU.Build.0 = Debug|Any CPU
		{4704E542-26D1-4B4D-81CB-D5C7FEB7421B}.Release|Any CPU.ActiveCfg = Release|Any CPU
		{4704E542-26D1-4B4D-81CB-D5C7FEB7421B}.Release|Any CPU.Build.0 = Release|Any CPU
		{8492FCCE-EE1E-4328-BC57-615556D055FA}.Debug|Any CPU.ActiveCfg = Debug|Any CPU
		{8492FCCE-EE1E-4328-BC57-615556D055FA}.Debug|Any CPU.Build.0 = Debug|Any CPU
		{8492FCCE-EE1E-4328-BC57-615556D055FA}.Release|Any CPU.ActiveCfg = Release|Any CPU
		{8492FCCE-EE1E-4328-BC57-615556D055FA}.Release|Any CPU.Build.0 = Release|Any CPU
		{B9665222-0341-4F3F-B8AD-E52CBDFBBFF2}.Debug|Any CPU.ActiveCfg = Debug|Any CPU
		{B9665222-0341-4F3F-B8AD-E52CBDFBBFF2}.Debug|Any CPU.Build.0 = Debug|Any CPU
		{B9665222-0341-4F3F-B8AD-E52CBDFBBFF2}.Release|Any CPU.ActiveCfg = Release|Any CPU
		{B9665222-0341-4F3F-B8AD-E52CBDFBBFF2}.Release|Any CPU.Build.0 = Release|Any CPU
	EndGlobalSection
	GlobalSection(SolutionProperties) = preSolution
		HideSolutionNode = FALSE
	EndGlobalSection
	GlobalSection(ExtensibilityGlobals) = postSolution
		SolutionGuid = {440BA9FD-A8DF-47B0-BE01-9E18B82B6F87}
	EndGlobalSection
EndGlobal
