
Microsoft Visual Studio Solution File, Format Version 12.00
# Visual Studio 15
VisualStudioVersion = 15.0.27703.2026
MinimumVisualStudioVersion = 10.0.40219.1
Project("{9A19103F-16F7-4668-BE54-9A1E7A4F7556}") = "MTest", "MTest\MTest.csproj", "{D18A9465-75CF-40BD-BC1E-650B80303555}"
EndProject
Project("{E53339B2-1760-4266-BCC7-CA923CBCF16C}") = "docker-compose", "docker-compose.dcproj", "{89C72FF0-A3B4-41D6-AD25-2FD1A5516353}"
EndProject
Project("{9A19103F-16F7-4668-BE54-9A1E7A4F7556}") = "MTestDB", "MTestDB\MTestDB.csproj", "{DF9C10B8-C6BC-41C9-B226-F7CBD1331F63}"
EndProject
Project("{2150E333-8FDC-42A3-9474-1A3956D46DE8}") = "Solution Items", "Solution Items", "{3DF6F0B7-7D69-4E15-A2E0-8DAFD44538BE}"
	ProjectSection(SolutionItems) = preProject
		README.md = README.md
	EndProjectSection
EndProject
Project("{9A19103F-16F7-4668-BE54-9A1E7A4F7556}") = "MTest.Services", "MTest.Services\MTest.Services.csproj", "{943B9079-F742-4C72-8627-677A5F21FD50}"
EndProject
Project("{9A19103F-16F7-4668-BE54-9A1E7A4F7556}") = "MTest.Infra", "MTest.Infra\MTest.Infra.csproj", "{5854DF9D-EF7F-44BC-B09E-1558EE7A4B8F}"
EndProject
Project("{9A19103F-16F7-4668-BE54-9A1E7A4F7556}") = "Tests", "Tests\Tests.csproj", "{64C7A848-1E48-447C-8EA0-FCC62A023688}"
EndProject
Project("{9A19103F-16F7-4668-BE54-9A1E7A4F7556}") = "MTest.Data", "MTest.Domain\MTest.Data.csproj", "{67E78BFF-B042-4638-B5AC-14F80AE2B460}"
EndProject
Global
	GlobalSection(SolutionConfigurationPlatforms) = preSolution
		Debug|Any CPU = Debug|Any CPU
		Release|Any CPU = Release|Any CPU
	EndGlobalSection
	GlobalSection(ProjectConfigurationPlatforms) = postSolution
		{D18A9465-75CF-40BD-BC1E-650B80303555}.Debug|Any CPU.ActiveCfg = Debug|Any CPU
		{D18A9465-75CF-40BD-BC1E-650B80303555}.Debug|Any CPU.Build.0 = Debug|Any CPU
		{D18A9465-75CF-40BD-BC1E-650B80303555}.Release|Any CPU.ActiveCfg = Release|Any CPU
		{D18A9465-75CF-40BD-BC1E-650B80303555}.Release|Any CPU.Build.0 = Release|Any CPU
		{89C72FF0-A3B4-41D6-AD25-2FD1A5516353}.Debug|Any CPU.ActiveCfg = Debug|Any CPU
		{89C72FF0-A3B4-41D6-AD25-2FD1A5516353}.Debug|Any CPU.Build.0 = Debug|Any CPU
		{89C72FF0-A3B4-41D6-AD25-2FD1A5516353}.Release|Any CPU.ActiveCfg = Release|Any CPU
		{89C72FF0-A3B4-41D6-AD25-2FD1A5516353}.Release|Any CPU.Build.0 = Release|Any CPU
		{DF9C10B8-C6BC-41C9-B226-F7CBD1331F63}.Debug|Any CPU.ActiveCfg = Debug|Any CPU
		{DF9C10B8-C6BC-41C9-B226-F7CBD1331F63}.Debug|Any CPU.Build.0 = Debug|Any CPU
		{DF9C10B8-C6BC-41C9-B226-F7CBD1331F63}.Release|Any CPU.ActiveCfg = Release|Any CPU
		{DF9C10B8-C6BC-41C9-B226-F7CBD1331F63}.Release|Any CPU.Build.0 = Release|Any CPU
		{943B9079-F742-4C72-8627-677A5F21FD50}.Debug|Any CPU.ActiveCfg = Debug|Any CPU
		{943B9079-F742-4C72-8627-677A5F21FD50}.Debug|Any CPU.Build.0 = Debug|Any CPU
		{943B9079-F742-4C72-8627-677A5F21FD50}.Release|Any CPU.ActiveCfg = Release|Any CPU
		{943B9079-F742-4C72-8627-677A5F21FD50}.Release|Any CPU.Build.0 = Release|Any CPU
		{5854DF9D-EF7F-44BC-B09E-1558EE7A4B8F}.Debug|Any CPU.ActiveCfg = Debug|Any CPU
		{5854DF9D-EF7F-44BC-B09E-1558EE7A4B8F}.Debug|Any CPU.Build.0 = Debug|Any CPU
		{5854DF9D-EF7F-44BC-B09E-1558EE7A4B8F}.Release|Any CPU.ActiveCfg = Release|Any CPU
		{5854DF9D-EF7F-44BC-B09E-1558EE7A4B8F}.Release|Any CPU.Build.0 = Release|Any CPU
		{64C7A848-1E48-447C-8EA0-FCC62A023688}.Debug|Any CPU.ActiveCfg = Debug|Any CPU
		{64C7A848-1E48-447C-8EA0-FCC62A023688}.Debug|Any CPU.Build.0 = Debug|Any CPU
		{64C7A848-1E48-447C-8EA0-FCC62A023688}.Release|Any CPU.ActiveCfg = Release|Any CPU
		{64C7A848-1E48-447C-8EA0-FCC62A023688}.Release|Any CPU.Build.0 = Release|Any CPU
		{67E78BFF-B042-4638-B5AC-14F80AE2B460}.Debug|Any CPU.ActiveCfg = Debug|Any CPU
		{67E78BFF-B042-4638-B5AC-14F80AE2B460}.Debug|Any CPU.Build.0 = Debug|Any CPU
		{67E78BFF-B042-4638-B5AC-14F80AE2B460}.Release|Any CPU.ActiveCfg = Release|Any CPU
		{67E78BFF-B042-4638-B5AC-14F80AE2B460}.Release|Any CPU.Build.0 = Release|Any CPU
	EndGlobalSection
	GlobalSection(SolutionProperties) = preSolution
		HideSolutionNode = FALSE
	EndGlobalSection
	GlobalSection(ExtensibilityGlobals) = postSolution
		SolutionGuid = {440BA9FD-A8DF-47B0-BE01-9E18B82B6F87}
	EndGlobalSection
EndGlobal
